
Microsoft Visual Studio Solution File, Format Version 12.00
# Visual Studio Version 16
VisualStudioVersion = 16.0.30907.101
MinimumVisualStudioVersion = 10.0.40219.1
Project("{9A19103F-16F7-4668-BE54-9A1E7A4F7556}") = "ksync", "ksync.csproj", "{EC46ED0E-9F00-42CB-B11D-EBB8E631738D}"
EndProject
Global
	GlobalSection(SolutionConfigurationPlatforms) = preSolution
		Debug|Any CPU = Debug|Any CPU
		Debug|x64 = Debug|x64
		Release|Any CPU = Release|Any CPU
		Release|x64 = Release|x64
	EndGlobalSection
	GlobalSection(ProjectConfigurationPlatforms) = postSolution
		{EC46ED0E-9F00-42CB-B11D-EBB8E631738D}.Debug|Any CPU.ActiveCfg = Debug|Any CPU
		{EC46ED0E-9F00-42CB-B11D-EBB8E631738D}.Debug|Any CPU.Build.0 = Debug|Any CPU
		{EC46ED0E-9F00-42CB-B11D-EBB8E631738D}.Debug|x64.ActiveCfg = Debug|x64
		{EC46ED0E-9F00-42CB-B11D-EBB8E631738D}.Debug|x64.Build.0 = Debug|x64
		{EC46ED0E-9F00-42CB-B11D-EBB8E631738D}.Release|Any CPU.ActiveCfg = Release|Any CPU
		{EC46ED0E-9F00-42CB-B11D-EBB8E631738D}.Release|Any CPU.Build.0 = Release|Any CPU
		{EC46ED0E-9F00-42CB-B11D-EBB8E631738D}.Release|x64.ActiveCfg = Release|x64
		{EC46ED0E-9F00-42CB-B11D-EBB8E631738D}.Release|x64.Build.0 = Release|x64
	EndGlobalSection
	GlobalSection(SolutionProperties) = preSolution
		HideSolutionNode = FALSE
	EndGlobalSection
	GlobalSection(ExtensibilityGlobals) = postSolution
		SolutionGuid = {44538A4C-E025-404F-87D6-A49679A25ECC}
	EndGlobalSection
EndGlobal
